Microsoft Visual Studio Solution File, Format Version 11.00
# Visual Studio 2008

Project("{7EFD704B-CF8A-FF94-8851-3EF1FC8F6612}") = "PlatformFallV2.0", "Assembly-CSharp.csproj", "{755C72BF-1639-1407-3A24-44E22EA8967E}"
EndProject
Global
	GlobalSection(SolutionConfigurationPlatforms) = preSolution
		Debug|Any CPU = Debug|Any CPU
		Release|Any CPU = Release|Any CPU
	EndGlobalSection
	GlobalSection(ProjectConfigurationPlatforms) = postSolution
		{755C72BF-1639-1407-3A24-44E22EA8967E}.Debug|Any CPU.ActiveCfg = Debug|Any CPU
		{755C72BF-1639-1407-3A24-44E22EA8967E}.Debug|Any CPU.Build.0 = Debug|Any CPU
		{755C72BF-1639-1407-3A24-44E22EA8967E}.Release|Any CPU.ActiveCfg = Release|Any CPU
		{755C72BF-1639-1407-3A24-44E22EA8967E}.Release|Any CPU.Build.0 = Release|Any CPU
	EndGlobalSection
	GlobalSection(SolutionProperties) = preSolution
		HideSolutionNode = FALSE
	EndGlobalSection
	GlobalSection(MonoDevelopProperties) = preSolution
		StartupItem = Assembly-CSharp.csproj
	EndGlobalSection
EndGlobal
